{
  "name": "project_6",
  "version": "0.0.0",
  "lockfileVersion": 1,
  "requires": true,
  "dependencies": {
    "@babel/runtime": {
      "version": "7.21.0",
      "resolved": "https://registry.npmjs.org/@babel/runtime/-/runtime-7.21.0.tgz",
      "integrity": "sha512-xwII0//EObnq89Ji5AKYQaRYiW/nZ3llSv29d49IuxPhKbtJoLP+9QUUZ4nVragQVtaVGeZrpB+ZtG/Pdy/POw==",
      "requires": {
        "regenerator-runtime": "^0.13.11"
      }
    },
    "@ckeditor/ckeditor5-adapter-ckfinder": {
      "version": "36.0.1",
      "resolved": "https://registry.npmjs.org/@ckeditor/ckeditor5-adapter-ckfinder/-/ckeditor5-adapter-ckfinder-36.0.1.tgz",
      "integrity": "sha512-kZUvaG0fpGavArn5Yl2eKkCfCelemRfPRVyPerliJUh/6xhDhwT2ds/stI4VyhE2tHRD9ohOywxAEcH2XJUthg==",
      "requires": {
        "ckeditor5": "^36.0.1"
      }
    },
    "@ckeditor/ckeditor5-autoformat": {
      "version": "36.0.1",
      "resolved": "https://registry.npmjs.org/@ckeditor/ckeditor5-autoformat/-/ckeditor5-autoformat-36.0.1.tgz",
      "integrity": "sha512-kve+Ergl40L6DzbtvyTMhbwfMZgpl0SJgsAzukQ72OyvJykQywworJ3zt/PgLCJKD+EKN80X9nR8kfBzXRG/vw==",
      "requires": {
        "ckeditor5": "^36.0.1"
      }
    },
    "@ckeditor/ckeditor5-basic-styles": {
      "version": "36.0.1",
      "resolved": "https://registry.npmjs.org/@ckeditor/ckeditor5-basic-styles/-/ckeditor5-basic-styles-36.0.1.tgz",
      "integrity": "sha512-5qbgzsgmJP7lecf78sy6QpqbsF2BLs7WxziMrJUXQytgq4S7o+Q/uqGF/itpkQMBBnLulRFJ8/x055iOBugreQ==",
      "requires": {
        "ckeditor5": "^36.0.1"
      }
    },
    "@ckeditor/ckeditor5-block-quote": {
      "version": "36.0.1",
      "resolved": "https://registry.npmjs.org/@ckeditor/ckeditor5-block-quote/-/ckeditor5-block-quote-36.0.1.tgz",
      "integrity": "sha512-kLvkHGiu5lAnPiUnRUc0M0Nlls179PmcOvX+YIIp62YBYTxG/R6oCC5clnnhodNiDQBEgwbxqoqTKNSkOX0VWw==",
      "requires": {
        "ckeditor5": "^36.0.1"
      }
    },
    "@ckeditor/ckeditor5-build-classic": {
      "version": "36.0.1",
      "resolved": "https://registry.npmjs.org/@ckeditor/ckeditor5-build-classic/-/ckeditor5-build-classic-36.0.1.tgz",
      "integrity": "sha512-noBqFM9rzf9WAn5JLqbmKbjarrrLzu0cNDX8LUaYPa/n/AYThL2ul4vy6zmHS7OS+PJLQaH+S/bTFLRflcVl3A==",
      "requires": {
        "@ckeditor/ckeditor5-adapter-ckfinder": "^36.0.1",
        "@ckeditor/ckeditor5-autoformat": "^36.0.1",
        "@ckeditor/ckeditor5-basic-styles": "^36.0.1",
        "@ckeditor/ckeditor5-block-quote": "^36.0.1",
        "@ckeditor/ckeditor5-ckbox": "^36.0.1",
        "@ckeditor/ckeditor5-ckfinder": "^36.0.1",
        "@ckeditor/ckeditor5-cloud-services": "^36.0.1",
        "@ckeditor/ckeditor5-easy-image": "^36.0.1",
        "@ckeditor/ckeditor5-editor-classic": "^36.0.1",
        "@ckeditor/ckeditor5-essentials": "^36.0.1",
        "@ckeditor/ckeditor5-heading": "^36.0.1",
        "@ckeditor/ckeditor5-image": "^36.0.1",
        "@ckeditor/ckeditor5-indent": "^36.0.1",
        "@ckeditor/ckeditor5-link": "^36.0.1",
        "@ckeditor/ckeditor5-list": "^36.0.1",
        "@ckeditor/ckeditor5-media-embed": "^36.0.1",
        "@ckeditor/ckeditor5-paragraph": "^36.0.1",
        "@ckeditor/ckeditor5-paste-from-office": "^36.0.1",
        "@ckeditor/ckeditor5-table": "^36.0.1",
        "@ckeditor/ckeditor5-typing": "^36.0.1"
      }
    },
    "@ckeditor/ckeditor5-ckbox": {
      "version": "36.0.1",
      "resolved": "https://registry.npmjs.org/@ckeditor/ckeditor5-ckbox/-/ckeditor5-ckbox-36.0.1.tgz",
      "integrity": "sha512-QzrsGCj84Yd3wDIvFk/e/BJvjeQHhBDxJ/XUfkDw2rhFvJZ9V5Xx08JR+Hsamvc/wd/ES/SlJyDPRjzdfuq/gw==",
      "requires": {
        "ckeditor5": "^36.0.1"
      }
    },
    "@ckeditor/ckeditor5-ckfinder": {
      "version": "36.0.1",
      "resolved": "https://registry.npmjs.org/@ckeditor/ckeditor5-ckfinder/-/ckeditor5-ckfinder-36.0.1.tgz",
      "integrity": "sha512-2qdUHEDmBdyFMeiNSWgE/f1p3Tt9b1uuOsvAt+pXJHET9zT8TlpipbhzN3e9+Vqbiy7tv1ofK/gGGHLGoI25tg==",
      "requires": {
        "ckeditor5": "^36.0.1"
      }
    },
    "@ckeditor/ckeditor5-clipboard": {
      "version": "36.0.1",
      "resolved": "https://registry.npmjs.org/@ckeditor/ckeditor5-clipboard/-/ckeditor5-clipboard-36.0.1.tgz",
      "integrity": "sha512-CFh5oO29dUXwsUf/BPM8g5l8MV3hiG27/h6fpC1qRUTAVXDAj43j+cfYYs8MwNi3hv0c/1KyT1bLySqQ/LZctw==",
      "requires": {
        "@ckeditor/ckeditor5-core": "^36.0.1",
        "@ckeditor/ckeditor5-engine": "^36.0.1",
        "@ckeditor/ckeditor5-utils": "^36.0.1",
        "@ckeditor/ckeditor5-widget": "^36.0.1",
        "lodash-es": "^4.17.11"
      }
    },
    "@ckeditor/ckeditor5-cloud-services": {
      "version": "36.0.1",
      "resolved": "https://registry.npmjs.org/@ckeditor/ckeditor5-cloud-services/-/ckeditor5-cloud-services-36.0.1.tgz",
      "integrity": "sha512-o+Xp3mAWISx+LCHeV8wYN1v7ZA0XUtIOXPb6N+6lJcS9fDSdc/B4+0KnpHoDZQThgvs9UoNb6ty2f3H5Den/Bg==",
      "requires": {
        "ckeditor5": "^36.0.1"
      }
    },
    "@ckeditor/ckeditor5-core": {
      "version": "36.0.1",
      "resolved": "https://registry.npmjs.org/@ckeditor/ckeditor5-core/-/ckeditor5-core-36.0.1.tgz",
      "integrity": "sha512-50O+DYXtaf4dMOn+3mGUvfYiE2qsCgVn114WQj7Tj3pZl5w+pAIv/2P+9cBB2Kb7QxgPZqZ7bvsi9wHqIJ6KCw==",
      "requires": {
        "@ckeditor/ckeditor5-engine": "^36.0.1",
        "@ckeditor/ckeditor5-utils": "^36.0.1",
        "lodash-es": "^4.17.15"
      }
    },
    "@ckeditor/ckeditor5-easy-image": {
      "version": "36.0.1",
      "resolved": "https://registry.npmjs.org/@ckeditor/ckeditor5-easy-image/-/ckeditor5-easy-image-36.0.1.tgz",
      "integrity": "sha512-t74s840xNPaWibgI1YcC/lHcigCY4zUyXzpXhepWe9qw4zfg58H2wK6a0AwBN+yy8mXcotDUmjXkOXgnNkJp0Q==",
      "requires": {
        "ckeditor5": "^36.0.1"
      }
    },
    "@ckeditor/ckeditor5-editor-classic": {
      "version": "36.0.1",
      "resolved": "https://registry.npmjs.org/@ckeditor/ckeditor5-editor-classic/-/ckeditor5-editor-classic-36.0.1.tgz",
      "integrity": "sha512-/euO79HzgIxILgxbqpGaMxO3f2BSGazljAGTc+aGJQ4bs9YnkxpeCc2wxYXuUzMNev2vVqhaPTvRJzg2Bb2r9w==",
      "requires": {
        "ckeditor5": "^36.0.1",
        "lodash-es": "^4.17.15"
      }
    },
    "@ckeditor/ckeditor5-engine": {
      "version": "36.0.1",
      "resolved": "https://registry.npmjs.org/@ckeditor/ckeditor5-engine/-/ckeditor5-engine-36.0.1.tgz",
      "integrity": "sha512-Ze2omTguUggwiL9vvLvPk+QpjEBbIOPS1Hi/ROYlsW8QSdnPbSTv+6rCIYThqJMFeonxLZWV5XwbcqpgSAs0MA==",
      "requires": {
        "@ckeditor/ckeditor5-utils": "^36.0.1",
        "lodash-es": "^4.17.15"
      }
    },
    "@ckeditor/ckeditor5-enter": {
      "version": "36.0.1",
      "resolved": "https://registry.npmjs.org/@ckeditor/ckeditor5-enter/-/ckeditor5-enter-36.0.1.tgz",
      "integrity": "sha512-FHZ43bltDGFyihfBOTwBOgsS2mMU2ATR9xxFEKlDP+8+P1bq4e0YkC3t4PuwtHIZMvNHiFxqvmFtA2eznGS7sQ==",
      "requires": {
        "@ckeditor/ckeditor5-core": "^36.0.1",
        "@ckeditor/ckeditor5-engine": "^36.0.1"
      }
    },
    "@ckeditor/ckeditor5-essentials": {
      "version": "36.0.1",
      "resolved": "https://registry.npmjs.org/@ckeditor/ckeditor5-essentials/-/ckeditor5-essentials-36.0.1.tgz",
      "integrity": "sha512-f6yEeSA75/hAqK+hZ09LnUj+2PSXFSTHFBzC32WKr+e2qlTx3/mArvwnnQcTj7lo7SuUmctpg7X5DD3/Rcg+HA==",
      "requires": {
        "ckeditor5": "^36.0.1"
      }
    },
    "@ckeditor/ckeditor5-heading": {
      "version": "36.0.1",
      "resolved": "https://registry.npmjs.org/@ckeditor/ckeditor5-heading/-/ckeditor5-heading-36.0.1.tgz",
      "integrity": "sha512-elVL6y8kFFB4wCjmVTYsbx5vFoNCsPn9fAJ4/T2tElb9wszs4BsbMjScUNwVomOxuSPy3x6Qt4HG1NFVoh1FKg==",
      "requires": {
        "ckeditor5": "^36.0.1"
      }
    },
    "@ckeditor/ckeditor5-image": {
      "version": "36.0.1",
      "resolved": "https://registry.npmjs.org/@ckeditor/ckeditor5-image/-/ckeditor5-image-36.0.1.tgz",
      "integrity": "sha512-HElSvvBXL4kmwtwrAw28oIuJN1gXMr0kOYnR+sLkJGlfeymOQ4RKEqW3vOPMmN6s2RMJVoNkpytPbhzalFn3Sg==",
      "requires": {
        "@ckeditor/ckeditor5-ui": "^36.0.1",
        "ckeditor5": "^36.0.1",
        "lodash-es": "^4.17.15"
      }
    },
    "@ckeditor/ckeditor5-indent": {
      "version": "36.0.1",
      "resolved": "https://registry.npmjs.org/@ckeditor/ckeditor5-indent/-/ckeditor5-indent-36.0.1.tgz",
      "integrity": "sha512-3E+3UCP9Krr41yP8g5a/QmJEJCChOFWdrLShi0YYODkJlhI/UUJFWVDTx54x1GnnDhXt8HhpOVGHCo14+KuRfA==",
      "requires": {
        "ckeditor5": "^36.0.1"
      }
    },
    "@ckeditor/ckeditor5-link": {
      "version": "36.0.1",
      "resolved": "https://registry.npmjs.org/@ckeditor/ckeditor5-link/-/ckeditor5-link-36.0.1.tgz",
      "integrity": "sha512-u0E22wCzgAWMlg5BemYAUHws6zausSek+tmI6VmTRibogsUsfso3JnWI0RXNiEd4i2w1wRspvb9S/D8iy7n4fA==",
      "requires": {
        "@ckeditor/ckeditor5-ui": "^36.0.1",
        "ckeditor5": "^36.0.1",
        "lodash-es": "^4.17.15"
      }
    },
    "@ckeditor/ckeditor5-list": {
      "version": "36.0.1",
      "resolved": "https://registry.npmjs.org/@ckeditor/ckeditor5-list/-/ckeditor5-list-36.0.1.tgz",
      "integrity": "sha512-v4h5iXCqbOpjaiQRZNp1SExU7BzKfcDU9VUGZpUzFLC0S1JKVO1DAJKMxhqgUCvgGrTOrYHZoGaqNWQZXXwZQg==",
      "requires": {
        "@ckeditor/ckeditor5-ui": "^36.0.1",
        "ckeditor5": "^36.0.1"
      }
    },
    "@ckeditor/ckeditor5-media-embed": {
      "version": "36.0.1",
      "resolved": "https://registry.npmjs.org/@ckeditor/ckeditor5-media-embed/-/ckeditor5-media-embed-36.0.1.tgz",
      "integrity": "sha512-TBl9bh+wBndkHfjjULqTYdYjbwtpO0ug4QTE5PQuAXrfvNeTAGvpYRqnJtLlASzqvUcgc3uBCXI9sO90ZUnFWw==",
      "requires": {
        "@ckeditor/ckeditor5-ui": "^36.0.1",
        "ckeditor5": "^36.0.1"
      }
    },
    "@ckeditor/ckeditor5-paragraph": {
      "version": "36.0.1",
      "resolved": "https://registry.npmjs.org/@ckeditor/ckeditor5-paragraph/-/ckeditor5-paragraph-36.0.1.tgz",
      "integrity": "sha512-NF1PH9WVfY81vkohj6GV1W/u1ogbZnfy60wrDy8Qp3iaFK1LJBsKNz3q1tf0WkBghaX/MUjR9E06l/OrTtaTZw==",
      "requires": {
        "@ckeditor/ckeditor5-core": "^36.0.1",
        "@ckeditor/ckeditor5-ui": "^36.0.1",
        "@ckeditor/ckeditor5-utils": "^36.0.1"
      }
    },
    "@ckeditor/ckeditor5-paste-from-office": {
      "version": "36.0.1",
      "resolved": "https://registry.npmjs.org/@ckeditor/ckeditor5-paste-from-office/-/ckeditor5-paste-from-office-36.0.1.tgz",
      "integrity": "sha512-JG3Ex/0mQ94E6coU16/CpnjikadCLebRLKXKYQyK/Wag7MbkKh8jgzpnZTC4Br4HvpQORfx7eC475BWF927FeQ==",
      "requires": {
        "ckeditor5": "^36.0.1"
      }
    },
    "@ckeditor/ckeditor5-select-all": {
      "version": "36.0.1",
      "resolved": "https://registry.npmjs.org/@ckeditor/ckeditor5-select-all/-/ckeditor5-select-all-36.0.1.tgz",
      "integrity": "sha512-8rPxcenTAoqXy1gleZvfsc7VD0IltPFq8R+blD4JL+sSMMDUtKhPuok4TA9h6Yh0nP6LfRK2fBUKIWH3xRPABg==",
      "requires": {
        "@ckeditor/ckeditor5-core": "^36.0.1",
        "@ckeditor/ckeditor5-ui": "^36.0.1",
        "@ckeditor/ckeditor5-utils": "^36.0.1"
      }
    },
    "@ckeditor/ckeditor5-table": {
      "version": "36.0.1",
      "resolved": "https://registry.npmjs.org/@ckeditor/ckeditor5-table/-/ckeditor5-table-36.0.1.tgz",
      "integrity": "sha512-ishbq3Rp8n7aypswmbqAVWT5W0iYZfAfm6wS+dpSoFqzAPX6ko8+bnoTkq+Wbs1S4+JDaua7QOJw9A1L1cv17A==",
      "requires": {
        "ckeditor5": "^36.0.1",
        "lodash-es": "^4.17.15"
      }
    },
    "@ckeditor/ckeditor5-typing": {
      "version": "36.0.1",
      "resolved": "https://registry.npmjs.org/@ckeditor/ckeditor5-typing/-/ckeditor5-typing-36.0.1.tgz",
      "integrity": "sha512-NwXQxNxf/LLANiiteEVaLr1ZzvJd7y6+O5a6x0Tv9Uuheu80aw2Axm3icneODt05G/XT+iJmCHzUYdEiCsHUaw==",
      "requires": {
        "@ckeditor/ckeditor5-core": "^36.0.1",
        "@ckeditor/ckeditor5-engine": "^36.0.1",
        "@ckeditor/ckeditor5-utils": "^36.0.1",
        "lodash-es": "^4.17.15"
      }
    },
    "@ckeditor/ckeditor5-ui": {
      "version": "36.0.1",
      "resolved": "https://registry.npmjs.org/@ckeditor/ckeditor5-ui/-/ckeditor5-ui-36.0.1.tgz",
      "integrity": "sha512-wPqAdXUZnEAD3XPvS5vEGU2kxzTQah3wne3B1esdlbJ7dSLZDdx8r1dyKyp3/WCpCT8G+PqGvSUrlnqcy7WI5A==",
      "requires": {
        "@ckeditor/ckeditor5-core": "^36.0.1",
        "@ckeditor/ckeditor5-utils": "^36.0.1",
        "lodash-es": "^4.17.15"
      }
    },
    "@ckeditor/ckeditor5-undo": {
      "version": "36.0.1",
      "resolved": "https://registry.npmjs.org/@ckeditor/ckeditor5-undo/-/ckeditor5-undo-36.0.1.tgz",
      "integrity": "sha512-TBm6TAnur59f5hqlgUZ89NV3cPQw0xqqpSuVMFrvFruPmPiIay2E34Mapb5KRXr83AEPhNN8GAE2YM7HmMqKrQ==",
      "requires": {
        "@ckeditor/ckeditor5-core": "^36.0.1",
        "@ckeditor/ckeditor5-engine": "^36.0.1",
        "@ckeditor/ckeditor5-ui": "^36.0.1"
      }
    },
    "@ckeditor/ckeditor5-upload": {
      "version": "36.0.1",
      "resolved": "https://registry.npmjs.org/@ckeditor/ckeditor5-upload/-/ckeditor5-upload-36.0.1.tgz",
      "integrity": "sha512-932vnvO++SzfZ6EpNkOj6PPKN6vVgn5aW3gu0c1D51cF9KkCFiaMhBDsOzDRVvq/bbnDqUQ9v3j1cNo2UlC8oA==",
      "requires": {
        "@ckeditor/ckeditor5-core": "^36.0.1",
        "@ckeditor/ckeditor5-ui": "^36.0.1",
        "@ckeditor/ckeditor5-utils": "^36.0.1"
      }
    },
    "@ckeditor/ckeditor5-utils": {
      "version": "36.0.1",
      "resolved": "https://registry.npmjs.org/@ckeditor/ckeditor5-utils/-/ckeditor5-utils-36.0.1.tgz",
      "integrity": "sha512-TW/YRb0OQe88IyqRoq2xS02iXOG82NQybzMuFDnGyCaFV0hA/9ysOyWwFpxDLcPDhDgVJZIxuwvFaek9x+uCMA==",
      "requires": {
        "lodash-es": "^4.17.15"
      }
    },
    "@ckeditor/ckeditor5-widget": {
      "version": "36.0.1",
      "resolved": "https://registry.npmjs.org/@ckeditor/ckeditor5-widget/-/ckeditor5-widget-36.0.1.tgz",
      "integrity": "sha512-on92cCRYLWTfwrpnFi5z4FY7NDhY+X+p6yuYStnB9d9jM3FJi3/7y2q9ojr8fSMot4pQsXCiFXzaF6yez+77wA==",
      "requires": {
        "@ckeditor/ckeditor5-core": "^36.0.1",
        "@ckeditor/ckeditor5-engine": "^36.0.1",
        "@ckeditor/ckeditor5-enter": "^36.0.1",
        "@ckeditor/ckeditor5-typing": "^36.0.1",
        "@ckeditor/ckeditor5-ui": "^36.0.1",
        "@ckeditor/ckeditor5-utils": "^36.0.1",
        "lodash-es": "^4.17.15"
      }
    },
    "@codexteam/icons": {
      "version": "0.0.4",
      "resolved": "https://registry.npmjs.org/@codexteam/icons/-/icons-0.0.4.tgz",
      "integrity": "sha512-V8N/TY2TGyas4wLrPIFq7bcow68b3gu8DfDt1+rrHPtXxcexadKauRJL6eQgfG7Z0LCrN4boLRawR4S9gjIh/Q=="
    },
    "@editorjs/attaches": {
      "version": "1.3.0",
      "resolved": "https://registry.npmjs.org/@editorjs/attaches/-/attaches-1.3.0.tgz",
      "integrity": "sha512-D+dj55EsC5bvXV///Dh/+KN4unuI0j6SU3f5QcMA5zrfda47PNKwbKOuwMBJwn0O+o5qwqrFv67g98lAo2qqVQ==",
      "requires": {
        "@codexteam/icons": "^0.0.4"
      }
    },
    "@editorjs/editorjs": {
      "version": "2.26.5",
      "resolved": "https://registry.npmjs.org/@editorjs/editorjs/-/editorjs-2.26.5.tgz",
      "integrity": "sha512-imwXZi9NmzxKjNosa1xQf286liJYsTe2J2DWCiV5TwKhvYZ1INg5Y+FietcM2v65QmeLqP7wgBUhoI7wiCB+yQ==",
      "requires": {
        "@codexteam/icons": "0.1.0",
        "codex-notifier": "^1.1.2",
        "codex-tooltip": "^1.0.5",
        "html-janitor": "^2.0.4",
        "nanoid": "^3.1.22"
      },
      "dependencies": {
        "@codexteam/icons": {
          "version": "0.1.0",
          "resolved": "https://registry.npmjs.org/@codexteam/icons/-/icons-0.1.0.tgz",
          "integrity": "sha512-jW1fWnwtWzcP4FBGsaodbJY3s1ZaRU+IJy1pvJ7ygNQxkQinybJcwXoyt0a5mWwu/4w30A42EWhCrZn8lp4fdw=="
        }
      }
    },
    "@editorjs/header": {
      "version": "2.7.0",
      "resolved": "https://registry.npmjs.org/@editorjs/header/-/header-2.7.0.tgz",
      "integrity": "sha512-4fGKGe2ZYblVqR/P/iw5ieG00uXInFgNMftBMqJRYcB2hUPD30kuu7Sn6eJDcLXoKUMOeqi8Z2AlUxYAmvw7zQ==",
      "requires": {
        "@codexteam/icons": "^0.0.5"
      },
      "dependencies": {
        "@codexteam/icons": {
          "version": "0.0.5",
          "resolved": "https://registry.npmjs.org/@codexteam/icons/-/icons-0.0.5.tgz",
          "integrity": "sha512-s6H2KXhLz2rgbMZSkRm8dsMJvyUNZsEjxobBEg9ztdrb1B2H3pEzY6iTwI4XUPJWJ3c3qRKwV4TrO3J5jUdoQA=="
        }
      }
    },
    "@editorjs/image": {
      "version": "2.8.1",
      "resolved": "https://registry.npmjs.org/@editorjs/image/-/image-2.8.1.tgz",
      "integrity": "sha512-4WscDAoi6OO0F6L7N1mkQymADwj8hHgH/ICk5wGRPdkesUZW1TgldX8XvSmy+f5VylsEi3F/gUggaZsrYxu2sA==",
      "requires": {
        "@codexteam/icons": "^0.0.6"
      },
      "dependencies": {
        "@codexteam/icons": {
          "version": "0.0.6",
          "resolved": "https://registry.npmjs.org/@codexteam/icons/-/icons-0.0.6.tgz",
          "integrity": "sha512-L7Q5PET8PjKcBT5wp7VR+FCjwCi5PUp7rd/XjsgQ0CI5FJz0DphyHGRILMuDUdCW2MQT9NHbVr4QP31vwAkS/A=="
        }
      }
    },
    "@editorjs/inline-code": {
      "version": "1.4.0",
      "resolved": "https://registry.npmjs.org/@editorjs/inline-code/-/inline-code-1.4.0.tgz",
      "integrity": "sha512-nJJx2eBgQyml7U8MdMdJNFY2RgZCOuvvXHEW73xsdu36ZXCd44eAo7vq1S5Jz9l8bC676SvNbRfeH/nojXK37A==",
      "requires": {
        "@codexteam/icons": "^0.0.5"
      },
      "dependencies": {
        "@codexteam/icons": {
          "version": "0.0.5",
          "resolved": "https://registry.npmjs.org/@codexteam/icons/-/icons-0.0.5.tgz",
          "integrity": "sha512-s6H2KXhLz2rgbMZSkRm8dsMJvyUNZsEjxobBEg9ztdrb1B2H3pEzY6iTwI4XUPJWJ3c3qRKwV4TrO3J5jUdoQA=="
        }
      }
    },
    "@editorjs/link": {
      "version": "2.5.0",
      "resolved": "https://registry.npmjs.org/@editorjs/link/-/link-2.5.0.tgz",
      "integrity": "sha512-3Oa1VweBY7Sscjzw8pv1QcWGyP+XdPl6+yu+gXnSETyjz9TQRZUjved0qw2OomYOjMZ3RumrdDJXxoALlZdvuQ==",
      "requires": {
        "@babel/runtime": "^7.10.2",
        "@codexteam/icons": "^0.0.4"
      }
    },
    "@editorjs/list": {
      "version": "1.8.0",
      "resolved": "https://registry.npmjs.org/@editorjs/list/-/list-1.8.0.tgz",
      "integrity": "sha512-Vq6cjyTXBzgegYv/MtTfuDdiz59yGhDEc/yAVXr6lmvoWAFs9cJ4TLuh4/9SbrbhIptcQLDvUjMDKmRrV6v2NQ==",
      "requires": {
        "@codexteam/icons": "^0.0.4"
      }
    },
    "@editorjs/paragraph": {
      "version": "2.9.0",
      "resolved": "https://registry.npmjs.org/@editorjs/paragraph/-/paragraph-2.9.0.tgz",
      "integrity": "sha512-lI6x1eiqFx2X3KmMak6gBlimFqXhG35fQpXMxzrjIphNLr4uPsXhVbyMPimPoLUnS9rM6Q00vptXmP2QNDd0zg==",
      "requires": {
        "@codexteam/icons": "^0.0.4"
      }
    },
    "@editorjs/quote": {
      "version": "2.5.0",
      "resolved": "https://registry.npmjs.org/@editorjs/quote/-/quote-2.5.0.tgz",
      "integrity": "sha512-24Mu8cESaj34a0kg1Enj7qiZ3yiCOsZI59+8xpfXLO/NkO7hBYWNForVcBy5yIWs/VLlEZK11FP37f/mHrKugQ==",
      "requires": {
        "@codexteam/icons": "^0.0.5"
      },
      "dependencies": {
        "@codexteam/icons": {
          "version": "0.0.5",
          "resolved": "https://registry.npmjs.org/@codexteam/icons/-/icons-0.0.5.tgz",
          "integrity": "sha512-s6H2KXhLz2rgbMZSkRm8dsMJvyUNZsEjxobBEg9ztdrb1B2H3pEzY6iTwI4XUPJWJ3c3qRKwV4TrO3J5jUdoQA=="
        }
      }
    },
    "@editorjs/underline": {
      "version": "1.1.0",
      "resolved": "https://registry.npmjs.org/@editorjs/underline/-/underline-1.1.0.tgz",
      "integrity": "sha512-vQj2ROW1KreD31QHlhaPikmDJGWYzRBusN4Zyfwl9nIIQCByt4S8fZQpsrRvH4sct5mkirsHllNT00rJlqHK7Q==",
      "requires": {
        "@codexteam/icons": "^0.0.6"
      },
      "dependencies": {
        "@codexteam/icons": {
          "version": "0.0.6",
          "resolved": "https://registry.npmjs.org/@codexteam/icons/-/icons-0.0.6.tgz",
          "integrity": "sha512-L7Q5PET8PjKcBT5wp7VR+FCjwCi5PUp7rd/XjsgQ0CI5FJz0DphyHGRILMuDUdCW2MQT9NHbVr4QP31vwAkS/A=="
        }
      }
    },
    "@esbuild/linux-loong64": {
      "version": "0.14.54",
      "resolved": "https://registry.npmjs.org/@esbuild/linux-loong64/-/linux-loong64-0.14.54.tgz",
      "integrity": "sha512-bZBrLAIX1kpWelV0XemxBZllyRmM6vgFQQG2GdNb+r3Fkp0FOh1NJSvekXDs7jq70k4euu1cryLMfU+mTXlEpw==",
      "dev": true,
      "optional": true
    },
    "ckeditor5": {
      "version": "36.0.1",
      "resolved": "https://registry.npmjs.org/ckeditor5/-/ckeditor5-36.0.1.tgz",
      "integrity": "sha512-9zKX7WIRKSDviM0s41VvW8JtDiRtNrhwrzYj4XCjGpZyIXsUKttdJYHIP5iP1MdfZU/hCvpgSUn2fmRPxFbg+Q==",
      "requires": {
        "@ckeditor/ckeditor5-clipboard": "^36.0.1",
        "@ckeditor/ckeditor5-core": "^36.0.1",
        "@ckeditor/ckeditor5-engine": "^36.0.1",
        "@ckeditor/ckeditor5-enter": "^36.0.1",
        "@ckeditor/ckeditor5-paragraph": "^36.0.1",
        "@ckeditor/ckeditor5-select-all": "^36.0.1",
        "@ckeditor/ckeditor5-typing": "^36.0.1",
        "@ckeditor/ckeditor5-ui": "^36.0.1",
        "@ckeditor/ckeditor5-undo": "^36.0.1",
        "@ckeditor/ckeditor5-upload": "^36.0.1",
        "@ckeditor/ckeditor5-utils": "^36.0.1",
        "@ckeditor/ckeditor5-widget": "^36.0.1"
      }
    },
    "codex-notifier": {
      "version": "1.1.2",
      "resolved": "https://registry.npmjs.org/codex-notifier/-/codex-notifier-1.1.2.tgz",
      "integrity": "sha512-DCp6xe/LGueJ1N5sXEwcBc3r3PyVkEEDNWCVigfvywAkeXcZMk9K41a31tkEFBW0Ptlwji6/JlAb49E3Yrxbtg=="
    },
    "codex-tooltip": {
      "version": "1.0.5",
      "resolved": "https://registry.npmjs.org/codex-tooltip/-/codex-tooltip-1.0.5.tgz",
      "integrity": "sha512-IuA8LeyLU5p1B+HyhOsqR6oxyFQ11k3i9e9aXw40CrHFTRO2Y1npNBVU3W1SvhKAbUU7R/YikUBdcYFP0RcJag=="
    },
    "esbuild": {
      "version": "0.14.54",
      "resolved": "https://registry.npmjs.org/esbuild/-/esbuild-0.14.54.tgz",
      "integrity": "sha512-Cy9llcy8DvET5uznocPyqL3BFRrFXSVqbgpMJ9Wz8oVjZlh/zUSNbPRbov0VX7VxN2JH1Oa0uNxZ7eLRb62pJA==",
      "dev": true,
      "requires": {
        "@esbuild/linux-loong64": "0.14.54",
        "esbuild-android-64": "0.14.54",
        "esbuild-android-arm64": "0.14.54",
        "esbuild-darwin-64": "0.14.54",
        "esbuild-darwin-arm64": "0.14.54",
        "esbuild-freebsd-64": "0.14.54",
        "esbuild-freebsd-arm64": "0.14.54",
        "esbuild-linux-32": "0.14.54",
        "esbuild-linux-64": "0.14.54",
        "esbuild-linux-arm": "0.14.54",
        "esbuild-linux-arm64": "0.14.54",
        "esbuild-linux-mips64le": "0.14.54",
        "esbuild-linux-ppc64le": "0.14.54",
        "esbuild-linux-riscv64": "0.14.54",
        "esbuild-linux-s390x": "0.14.54",
        "esbuild-netbsd-64": "0.14.54",
        "esbuild-openbsd-64": "0.14.54",
        "esbuild-sunos-64": "0.14.54",
        "esbuild-windows-32": "0.14.54",
        "esbuild-windows-64": "0.14.54",
        "esbuild-windows-arm64": "0.14.54"
      }
    },
    "esbuild-android-64": {
      "version": "0.14.54",
      "resolved": "https://registry.npmjs.org/esbuild-android-64/-/esbuild-android-64-0.14.54.tgz",
      "integrity": "sha512-Tz2++Aqqz0rJ7kYBfz+iqyE3QMycD4vk7LBRyWaAVFgFtQ/O8EJOnVmTOiDWYZ/uYzB4kvP+bqejYdVKzE5lAQ==",
      "dev": true,
      "optional": true
    },
    "esbuild-android-arm64": {
      "version": "0.14.54",
      "resolved": "https://registry.npmjs.org/esbuild-android-arm64/-/esbuild-android-arm64-0.14.54.tgz",
      "integrity": "sha512-F9E+/QDi9sSkLaClO8SOV6etqPd+5DgJje1F9lOWoNncDdOBL2YF59IhsWATSt0TLZbYCf3pNlTHvVV5VfHdvg==",
      "dev": true,
      "optional": true
    },
    "esbuild-darwin-64": {
      "version": "0.14.54",
      "resolved": "https://registry.npmjs.org/esbuild-darwin-64/-/esbuild-darwin-64-0.14.54.tgz",
      "integrity": "sha512-jtdKWV3nBviOd5v4hOpkVmpxsBy90CGzebpbO9beiqUYVMBtSc0AL9zGftFuBon7PNDcdvNCEuQqw2x0wP9yug==",
      "dev": true,
      "optional": true
    },
    "esbuild-darwin-arm64": {
      "version": "0.14.54",
      "resolved": "https://registry.npmjs.org/esbuild-darwin-arm64/-/esbuild-darwin-arm64-0.14.54.tgz",
      "integrity": "sha512-OPafJHD2oUPyvJMrsCvDGkRrVCar5aVyHfWGQzY1dWnzErjrDuSETxwA2HSsyg2jORLY8yBfzc1MIpUkXlctmw==",
      "dev": true,
      "optional": true
    },
    "esbuild-freebsd-64": {
      "version": "0.14.54",
      "resolved": "https://registry.npmjs.org/esbuild-freebsd-64/-/esbuild-freebsd-64-0.14.54.tgz",
      "integrity": "sha512-OKwd4gmwHqOTp4mOGZKe/XUlbDJ4Q9TjX0hMPIDBUWWu/kwhBAudJdBoxnjNf9ocIB6GN6CPowYpR/hRCbSYAg==",
      "dev": true,
      "optional": true
    },
    "esbuild-freebsd-arm64": {
      "version": "0.14.54",
      "resolved": "https://registry.npmjs.org/esbuild-freebsd-arm64/-/esbuild-freebsd-arm64-0.14.54.tgz",
      "integrity": "sha512-sFwueGr7OvIFiQT6WeG0jRLjkjdqWWSrfbVwZp8iMP+8UHEHRBvlaxL6IuKNDwAozNUmbb8nIMXa7oAOARGs1Q==",
      "dev": true,
      "optional": true
    },
    "esbuild-linux-32": {
      "version": "0.14.54",
      "resolved": "https://registry.npmjs.org/esbuild-linux-32/-/esbuild-linux-32-0.14.54.tgz",
      "integrity": "sha512-1ZuY+JDI//WmklKlBgJnglpUL1owm2OX+8E1syCD6UAxcMM/XoWd76OHSjl/0MR0LisSAXDqgjT3uJqT67O3qw==",
      "dev": true,
      "optional": true
    },
    "esbuild-linux-64": {
      "version": "0.14.54",
      "resolved": "https://registry.npmjs.org/esbuild-linux-64/-/esbuild-linux-64-0.14.54.tgz",
      "integrity": "sha512-EgjAgH5HwTbtNsTqQOXWApBaPVdDn7XcK+/PtJwZLT1UmpLoznPd8c5CxqsH2dQK3j05YsB3L17T8vE7cp4cCg==",
      "dev": true,
      "optional": true
    },
    "esbuild-linux-arm": {
      "version": "0.14.54",
      "resolved": "https://registry.npmjs.org/esbuild-linux-arm/-/esbuild-linux-arm-0.14.54.tgz",
      "integrity": "sha512-qqz/SjemQhVMTnvcLGoLOdFpCYbz4v4fUo+TfsWG+1aOu70/80RV6bgNpR2JCrppV2moUQkww+6bWxXRL9YMGw==",
      "dev": true,
      "optional": true
    },
    "esbuild-linux-arm64": {
      "version": "0.14.54",
      "resolved": "https://registry.npmjs.org/esbuild-linux-arm64/-/esbuild-linux-arm64-0.14.54.tgz",
      "integrity": "sha512-WL71L+0Rwv+Gv/HTmxTEmpv0UgmxYa5ftZILVi2QmZBgX3q7+tDeOQNqGtdXSdsL8TQi1vIaVFHUPDe0O0kdig==",
      "dev": true,
      "optional": true
    },
    "esbuild-linux-mips64le": {
      "version": "0.14.54",
      "resolved": "https://registry.npmjs.org/esbuild-linux-mips64le/-/esbuild-linux-mips64le-0.14.54.tgz",
      "integrity": "sha512-qTHGQB8D1etd0u1+sB6p0ikLKRVuCWhYQhAHRPkO+OF3I/iSlTKNNS0Lh2Oc0g0UFGguaFZZiPJdJey3AGpAlw==",
      "dev": true,
      "optional": true
    },
    "esbuild-linux-ppc64le": {
      "version": "0.14.54",
      "resolved": "https://registry.npmjs.org/esbuild-linux-ppc64le/-/esbuild-linux-ppc64le-0.14.54.tgz",
      "integrity": "sha512-j3OMlzHiqwZBDPRCDFKcx595XVfOfOnv68Ax3U4UKZ3MTYQB5Yz3X1mn5GnodEVYzhtZgxEBidLWeIs8FDSfrQ==",
      "dev": true,
      "optional": true
    },
    "esbuild-linux-riscv64": {
      "version": "0.14.54",
      "resolved": "https://registry.npmjs.org/esbuild-linux-riscv64/-/esbuild-linux-riscv64-0.14.54.tgz",
      "integrity": "sha512-y7Vt7Wl9dkOGZjxQZnDAqqn+XOqFD7IMWiewY5SPlNlzMX39ocPQlOaoxvT4FllA5viyV26/QzHtvTjVNOxHZg==",
      "dev": true,
      "optional": true
    },
    "esbuild-linux-s390x": {
      "version": "0.14.54",
      "resolved": "https://registry.npmjs.org/esbuild-linux-s390x/-/esbuild-linux-s390x-0.14.54.tgz",
      "integrity": "sha512-zaHpW9dziAsi7lRcyV4r8dhfG1qBidQWUXweUjnw+lliChJqQr+6XD71K41oEIC3Mx1KStovEmlzm+MkGZHnHA==",
      "dev": true,
      "optional": true
    },
    "esbuild-netbsd-64": {
      "version": "0.14.54",
      "resolved": "https://registry.npmjs.org/esbuild-netbsd-64/-/esbuild-netbsd-64-0.14.54.tgz",
      "integrity": "sha512-PR01lmIMnfJTgeU9VJTDY9ZerDWVFIUzAtJuDHwwceppW7cQWjBBqP48NdeRtoP04/AtO9a7w3viI+PIDr6d+w==",
      "dev": true,
      "optional": true
    },
    "esbuild-openbsd-64": {
      "version": "0.14.54",
      "resolved": "https://registry.npmjs.org/esbuild-openbsd-64/-/esbuild-openbsd-64-0.14.54.tgz",
      "integrity": "sha512-Qyk7ikT2o7Wu76UsvvDS5q0amJvmRzDyVlL0qf5VLsLchjCa1+IAvd8kTBgUxD7VBUUVgItLkk609ZHUc1oCaw==",
      "dev": true,
      "optional": true
    },
    "esbuild-sunos-64": {
      "version": "0.14.54",
      "resolved": "https://registry.npmjs.org/esbuild-sunos-64/-/esbuild-sunos-64-0.14.54.tgz",
      "integrity": "sha512-28GZ24KmMSeKi5ueWzMcco6EBHStL3B6ubM7M51RmPwXQGLe0teBGJocmWhgwccA1GeFXqxzILIxXpHbl9Q/Kw==",
      "dev": true,
      "optional": true
    },
    "esbuild-windows-32": {
      "version": "0.14.54",
      "resolved": "https://registry.npmjs.org/esbuild-windows-32/-/esbuild-windows-32-0.14.54.tgz",
      "integrity": "sha512-T+rdZW19ql9MjS7pixmZYVObd9G7kcaZo+sETqNH4RCkuuYSuv9AGHUVnPoP9hhuE1WM1ZimHz1CIBHBboLU7w==",
      "dev": true,
      "optional": true
    },
    "esbuild-windows-64": {
      "version": "0.14.54",
      "resolved": "https://registry.npmjs.org/esbuild-windows-64/-/esbuild-windows-64-0.14.54.tgz",
      "integrity": "sha512-AoHTRBUuYwXtZhjXZbA1pGfTo8cJo3vZIcWGLiUcTNgHpJJMC1rVA44ZereBHMJtotyN71S8Qw0npiCIkW96cQ==",
      "dev": true,
      "optional": true
    },
    "esbuild-windows-arm64": {
      "version": "0.14.54",
      "resolved": "https://registry.npmjs.org/esbuild-windows-arm64/-/esbuild-windows-arm64-0.14.54.tgz",
      "integrity": "sha512-M0kuUvXhot1zOISQGXwWn6YtS+Y/1RT9WrVIOywZnJHo3jCDyewAc79aKNQWFCQm+xNHVTq9h8dZKvygoXQQRg==",
      "dev": true,
      "optional": true
    },
    "fsevents": {
      "version": "2.3.2",
      "resolved": "https://registry.npmjs.org/fsevents/-/fsevents-2.3.2.tgz",
      "integrity": "sha512-xiqMQR4xAeHTuB9uWm+fFRcIOgKBMiOBP+eXiyT7jsgVCq1bkVygt00oASowB7EdtpOHaaPgKt812P9ab+DDKA==",
      "dev": true,
      "optional": true
    },
    "function-bind": {
      "version": "1.1.1",
      "resolved": "https://registry.npmjs.org/function-bind/-/function-bind-1.1.1.tgz",
      "integrity": "sha512-yIovAzMX49sF8Yl58fSCWJ5svSLuaibPxXQJFLmBObTuCr0Mf1KiPopGM9NiFjiYBCbfaa2Fh6breQ6ANVTI0A==",
      "dev": true
    },
    "has": {
      "version": "1.0.3",
      "resolved": "https://registry.npmjs.org/has/-/has-1.0.3.tgz",
      "integrity": "sha512-f2dvO0VU6Oej7RkWJGrehjbzMAjFp5/VKPp5tTpWIV4JHHZK1/BxbFRtf/siA2SWTe09caDmVtYYzWEIbBS4zw==",
      "dev": true,
      "requires": {
        "function-bind": "^1.1.1"
      }
    },
    "html-janitor": {
      "version": "2.0.4",
      "resolved": "https://registry.npmjs.org/html-janitor/-/html-janitor-2.0.4.tgz",
      "integrity": "sha512-92J5h9jNZRk30PMHapjHEJfkrBWKCOy0bq3oW2pBungky6lzYSoboBGPMvxl1XRKB2q+kniQmsLsPbdpY7RM2g=="
    },
    "is-core-module": {
      "version": "2.11.0",
      "resolved": "https://registry.npmjs.org/is-core-module/-/is-core-module-2.11.0.tgz",
      "integrity": "sha512-RRjxlvLDkD1YJwDbroBHMb+cukurkDWNyHx7D3oNB5x9rb5ogcksMC5wHCadcXoo67gVr/+3GFySh3134zi6rw==",
      "dev": true,
      "requires": {
        "has": "^1.0.3"
      }
    },
    "lodash-es": {
      "version": "4.17.21",
      "resolved": "https://registry.npmjs.org/lodash-es/-/lodash-es-4.17.21.tgz",
      "integrity": "sha512-mKnC+QJ9pWVzv+C4/U3rRsHapFfHvQFoFB92e52xeyGMcX6/OlIl78je1u8vePzYZSkkogMPJ2yjxxsb89cxyw=="
    },
    "nanoid": {
      "version": "3.3.4",
      "resolved": "https://registry.npmjs.org/nanoid/-/nanoid-3.3.4.tgz",
      "integrity": "sha512-MqBkQh/OHTS2egovRtLk45wEyNXwF+cokD+1YPf9u5VfJiRdAiRwB2froX5Co9Rh20xs4siNPm8naNotSD6RBw=="
    },
    "path-parse": {
      "version": "1.0.7",
      "resolved": "https://registry.npmjs.org/path-parse/-/path-parse-1.0.7.tgz",
      "integrity": "sha512-LDJzPVEEEPR+y48z93A0Ed0yXb8pAByGWo/k5YYdYgpY2/2EsOsksJrq7lOHxryrVOn1ejG6oAp8ahvOIQD8sw==",
      "dev": true
    },
    "picocolors": {
      "version": "1.0.0",
      "resolved": "https://registry.npmjs.org/picocolors/-/picocolors-1.0.0.tgz",
      "integrity": "sha512-1fygroTLlHu66zi26VoTDv8yRgm0Fccecssto+MhsZ0D/DGW2sm8E8AjW7NU5VVTRt5GxbeZ5qBuJr+HyLYkjQ==",
      "dev": true
    },
    "postcss": {
      "version": "8.4.21",
      "resolved": "https://registry.npmjs.org/postcss/-/postcss-8.4.21.tgz",
      "integrity": "sha512-tP7u/Sn/dVxK2NnruI4H9BG+x+Wxz6oeZ1cJ8P6G/PZY0IKk4k/63TDsQf2kQq3+qoJeLm2kIBUNlZe3zgb4Zg==",
      "dev": true,
      "requires": {
        "nanoid": "^3.3.4",
        "picocolors": "^1.0.0",
        "source-map-js": "^1.0.2"
      }
    },
    "regenerator-runtime": {
      "version": "0.13.11",
      "resolved": "https://registry.npmjs.org/regenerator-runtime/-/regenerator-runtime-0.13.11.tgz",
      "integrity": "sha512-kY1AZVr2Ra+t+piVaJ4gxaFaReZVH40AKNo7UCX6W+dEwBo/2oZJzqfuN1qLq1oL45o56cPaTXELwrTh8Fpggg=="
    },
    "resolve": {
      "version": "1.22.1",
      "resolved": "https://registry.npmjs.org/resolve/-/resolve-1.22.1.tgz",
      "integrity": "sha512-nBpuuYuY5jFsli/JIs1oldw6fOQCBioohqWZg/2hiaOybXOft4lonv85uDOKXdf8rhyK159cxU5cDcK/NKk8zw==",
      "dev": true,
      "requires": {
        "is-core-module": "^2.9.0",
        "path-parse": "^1.0.7",
        "supports-preserve-symlinks-flag": "^1.0.0"
      }
    },
    "rollup": {
      "version": "2.77.3",
      "resolved": "https://registry.npmjs.org/rollup/-/rollup-2.77.3.tgz",
      "integrity": "sha512-/qxNTG7FbmefJWoeeYJFbHehJ2HNWnjkAFRKzWN/45eNBBF/r8lo992CwcJXEzyVxs5FmfId+vTSTQDb+bxA+g==",
      "dev": true,
      "requires": {
        "fsevents": "~2.3.2"
      }
    },
    "source-map-js": {
      "version": "1.0.2",
      "resolved": "https://registry.npmjs.org/source-map-js/-/source-map-js-1.0.2.tgz",
      "integrity": "sha512-R0XvVJ9WusLiqTCEiGCmICCMplcCkIwwR11mOSD9CR5u+IXYdiseeEuXCVAjS54zqwkLcPNnmU4OeJ6tUrWhDw==",
      "dev": true
    },
    "supports-preserve-symlinks-flag": {
      "version": "1.0.0",
      "resolved": "https://registry.npmjs.org/supports-preserve-symlinks-flag/-/supports-preserve-symlinks-flag-1.0.0.tgz",
      "integrity": "sha512-ot0WnXS9fgdkgIcePe6RHNk1WA8+muPa6cSjeR3V8K27q9BB1rTE3R1p7Hv0z1ZyAc8s6Vvv8DIyWf681MAt0w==",
      "dev": true
    },
    "three": {
      "version": "0.150.1",
      "resolved": "https://registry.npmjs.org/three/-/three-0.150.1.tgz",
      "integrity": "sha512-5C1MqKUWaHYo13BX0Q64qcdwImgnnjSOFgBscOzAo8MYCzEtqfQqorEKMcajnA3FHy1yVlIe9AmaMQ0OQracNA=="
    },
    "vite": {
      "version": "2.9.15",
      "resolved": "https://registry.npmjs.org/vite/-/vite-2.9.15.tgz",
      "integrity": "sha512-fzMt2jK4vQ3yK56te3Kqpkaeq9DkcZfBbzHwYpobasvgYmP2SoAr6Aic05CsB4CzCZbsDv4sujX3pkEGhLabVQ==",
      "dev": true,
      "requires": {
        "esbuild": "^0.14.27",
        "fsevents": "~2.3.2",
        "postcss": "^8.4.13",
        "resolve": "^1.22.0",
        "rollup": ">=2.59.0 <2.78.0"
      }
    }
  }
}
